// !$*UTF8*$!
{
	archiveVersion = 1;
	classes = {
	};
	objectVersion = 56;
	objects = {

/* Begin PBXBuildFile section */
		6416925429E8AB8100225424 /* ProfileViewController.swift in Sources */ = {isa = PBXBuildFile; fileRef = 6416925329E8AB8100225424 /* ProfileViewController.swift */; };
		643E51CB29D1CF8000A44133 /* Assets.xcassets in Resources */ = {isa = PBXBuildFile; fileRef = 643E51C229D1CF8000A44133 /* Assets.xcassets */; };
		643E51CC29D1CF8000A44133 /* LaunchScreen.storyboard in Resources */ = {isa = PBXBuildFile; fileRef = 643E51C329D1CF8000A44133 /* LaunchScreen.storyboard */; };
		643E51CD29D1CF8000A44133 /* Main.storyboard in Resources */ = {isa = PBXBuildFile; fileRef = 643E51C529D1CF8000A44133 /* Main.storyboard */; };
		643E51CE29D1CF8000A44133 /* AppDelegate.swift in Sources */ = {isa = PBXBuildFile; fileRef = 643E51C729D1CF8000A44133 /* AppDelegate.swift */; };
		643E51D029D1CF8000A44133 /* SceneDelegate.swift in Sources */ = {isa = PBXBuildFile; fileRef = 643E51C929D1CF8000A44133 /* SceneDelegate.swift */; };
		6450E7C12A139DAC00E5CD5F /* SingleImageViewController.swift in Sources */ = {isa = PBXBuildFile; fileRef = 6450E7C02A139DAC00E5CD5F /* SingleImageViewController.swift */; };
		648750B829C88C6900DCB64A /* ImagesListViewController.swift in Sources */ = {isa = PBXBuildFile; fileRef = 648750B729C88C6900DCB64A /* ImagesListViewController.swift */; };
		648750E929D0EBB200DCB64A /* UIColor+Extensions.swift in Sources */ = {isa = PBXBuildFile; fileRef = 648750E829D0EBB200DCB64A /* UIColor+Extensions.swift */; };
		648750EB29D1C55700DCB64A /* ImagesListCell.swift in Sources */ = {isa = PBXBuildFile; fileRef = 648750EA29D1C55700DCB64A /* ImagesListCell.swift */; };
		6491D12329D1DFE1006FF1C6 /* SF-Pro-Display-Bold.otf in Resources */ = {isa = PBXBuildFile; fileRef = 6491D12129D1DFE1006FF1C6 /* SF-Pro-Display-Bold.otf */; };
		6491D12429D1DFE1006FF1C6 /* SF-Pro-Display-Regular.otf in Resources */ = {isa = PBXBuildFile; fileRef = 6491D12229D1DFE1006FF1C6 /* SF-Pro-Display-Regular.otf */; };
		649D38C12A2E43F400DACE10 /* Kingfisher in Frameworks */ = {isa = PBXBuildFile; productRef = 649D38C02A2E43F400DACE10 /* Kingfisher */; };
		649D38C42A2F656900DACE10 /* SwiftKeychainWrapper in Frameworks */ = {isa = PBXBuildFile; productRef = 649D38C32A2F656900DACE10 /* SwiftKeychainWrapper */; };
		649D38C62A2F7B7A00DACE10 /* TabBarController.swift in Sources */ = {isa = PBXBuildFile; fileRef = 649D38C52A2F7B7A00DACE10 /* TabBarController.swift */; };
		649D38C82A30DB8C00DACE10 /* ImagesListService.swift in Sources */ = {isa = PBXBuildFile; fileRef = 649D38C72A30DB8C00DACE10 /* ImagesListService.swift */; };
		64C30CDE2A1CD82800D106AF /* Constants.swift in Sources */ = {isa = PBXBuildFile; fileRef = 64C30CDD2A1CD82800D106AF /* Constants.swift */; };
		64E21BA22A1EC3E0009FE150 /* AuthViewController.swift in Sources */ = {isa = PBXBuildFile; fileRef = 64E21BA12A1EC3E0009FE150 /* AuthViewController.swift */; };
		64E21BA42A1EC441009FE150 /* WebViewViewController.swift in Sources */ = {isa = PBXBuildFile; fileRef = 64E21BA32A1EC441009FE150 /* WebViewViewController.swift */; };
		64E21BA62A24A23C009FE150 /* OAuth2Service.swift in Sources */ = {isa = PBXBuildFile; fileRef = 64E21BA52A24A23C009FE150 /* OAuth2Service.swift */; };
		64E21BA82A24B37C009FE150 /* OAuth2TokenStorage.swift in Sources */ = {isa = PBXBuildFile; fileRef = 64E21BA72A24B37C009FE150 /* OAuth2TokenStorage.swift */; };
		64E21BAA2A25460A009FE150 /* SplashViewController.swift in Sources */ = {isa = PBXBuildFile; fileRef = 64E21BA92A25460A009FE150 /* SplashViewController.swift */; };
		64E21BAD2A263428009FE150 /* ProgressHUD in Frameworks */ = {isa = PBXBuildFile; productRef = 64E21BAC2A263428009FE150 /* ProgressHUD */; };
		64E21BAF2A27EDDE009FE150 /* UIBlockingProgressHUD.swift in Sources */ = {isa = PBXBuildFile; fileRef = 64E21BAE2A27EDDE009FE150 /* UIBlockingProgressHUD.swift */; };
		64FB9CCE2A28BC960009638A /* ProfileService.swift in Sources */ = {isa = PBXBuildFile; fileRef = 64FB9CCD2A28BC960009638A /* ProfileService.swift */; };
		64FB9CD02A29FCA80009638A /* ProfileImageService.swift in Sources */ = {isa = PBXBuildFile; fileRef = 64FB9CCF2A29FCA80009638A /* ProfileImageService.swift */; };
		64FB9CD22A2BEAC40009638A /* URLSessionExtension.swift in Sources */ = {isa = PBXBuildFile; fileRef = 64FB9CD12A2BEAC40009638A /* URLSessionExtension.swift */; };
		64FB9CD42A2BFA880009638A /* AlertPresenter.swift in Sources */ = {isa = PBXBuildFile; fileRef = 64FB9CD32A2BFA880009638A /* AlertPresenter.swift */; };
		64FE0C072A37A1EB00A11B02 /* WebViewPresenter.swift in Sources */ = {isa = PBXBuildFile; fileRef = 64FE0C062A37A1EB00A11B02 /* WebViewPresenter.swift */; };
/* End PBXBuildFile section */

/* Begin PBXContainerItemProxy section */
		649D38D32A33BCF400DACE10 /* PBXContainerItemProxy */ = {
			isa = PBXContainerItemProxy;
			containerPortal = 648750A829C88C6900DCB64A /* Project object */;
			proxyType = 1;
			remoteGlobalIDString = 648750AF29C88C6900DCB64A;
			remoteInfo = ImageFeed;
		};
/* End PBXContainerItemProxy section */

/* Begin PBXFileReference section */
		6416925329E8AB8100225424 /* ProfileViewController.swift */ = {isa = PBXFileReference; lastKnownFileType = sourcecode.swift; path = ProfileViewController.swift; sourceTree = "<group>"; };
		6418472C29D1EC4100C5FCF2 /* Info.plist */ = {isa = PBXFileReference; fileEncoding = 4; lastKnownFileType = text.plist.xml; path = Info.plist; sourceTree = "<group>"; };
		643E51C229D1CF8000A44133 /* Assets.xcassets */ = {isa = PBXFileReference; lastKnownFileType = folder.assetcatalog; path = Assets.xcassets; sourceTree = "<group>"; };
		643E51C429D1CF8000A44133 /* Base */ = {isa = PBXFileReference; lastKnownFileType = file.storyboard; name = Base; path = Base.lproj/LaunchScreen.storyboard; sourceTree = "<group>"; };
		643E51C629D1CF8000A44133 /* Base */ = {isa = PBXFileReference; lastKnownFileType = file.storyboard; name = Base; path = Base.lproj/Main.storyboard; sourceTree = "<group>"; };
		643E51C729D1CF8000A44133 /* AppDelegate.swift */ = {isa = PBXFileReference; fileEncoding = 4; lastKnownFileType = sourcecode.swift; path = AppDelegate.swift; sourceTree = "<group>"; };
		643E51C929D1CF8000A44133 /* SceneDelegate.swift */ = {isa = PBXFileReference; fileEncoding = 4; lastKnownFileType = sourcecode.swift; path = SceneDelegate.swift; sourceTree = "<group>"; };
		6450E7C02A139DAC00E5CD5F /* SingleImageViewController.swift */ = {isa = PBXFileReference; lastKnownFileType = sourcecode.swift; path = SingleImageViewController.swift; sourceTree = "<group>"; };
		648750B029C88C6900DCB64A /* ImageFeed.app */ = {isa = PBXFileReference; explicitFileType = wrapper.application; includeInIndex = 0; path = ImageFeed.app; sourceTree = BUILT_PRODUCTS_DIR; };
		648750B729C88C6900DCB64A /* ImagesListViewController.swift */ = {isa = PBXFileReference; lastKnownFileType = sourcecode.swift; path = ImagesListViewController.swift; sourceTree = "<group>"; };
		648750E829D0EBB200DCB64A /* UIColor+Extensions.swift */ = {isa = PBXFileReference; lastKnownFileType = sourcecode.swift; path = "UIColor+Extensions.swift"; sourceTree = "<group>"; };
		648750EA29D1C55700DCB64A /* ImagesListCell.swift */ = {isa = PBXFileReference; lastKnownFileType = sourcecode.swift; path = ImagesListCell.swift; sourceTree = "<group>"; };
		6491D12129D1DFE1006FF1C6 /* SF-Pro-Display-Bold.otf */ = {isa = PBXFileReference; lastKnownFileType = file; path = "SF-Pro-Display-Bold.otf"; sourceTree = "<group>"; };
		6491D12229D1DFE1006FF1C6 /* SF-Pro-Display-Regular.otf */ = {isa = PBXFileReference; lastKnownFileType = file; path = "SF-Pro-Display-Regular.otf"; sourceTree = "<group>"; };
		649D38C52A2F7B7A00DACE10 /* TabBarController.swift */ = {isa = PBXFileReference; lastKnownFileType = sourcecode.swift; path = TabBarController.swift; sourceTree = "<group>"; };
		649D38C72A30DB8C00DACE10 /* ImagesListService.swift */ = {isa = PBXFileReference; lastKnownFileType = sourcecode.swift; path = ImagesListService.swift; sourceTree = "<group>"; };
		649D38CF2A33BCF400DACE10 /* ImageFeedTests.xctest */ = {isa = PBXFileReference; explicitFileType = wrapper.cfbundle; includeInIndex = 0; path = ImageFeedTests.xctest; sourceTree = BUILT_PRODUCTS_DIR; };
		64C30CDD2A1CD82800D106AF /* Constants.swift */ = {isa = PBXFileReference; lastKnownFileType = sourcecode.swift; path = Constants.swift; sourceTree = "<group>"; };
		64E21BA12A1EC3E0009FE150 /* AuthViewController.swift */ = {isa = PBXFileReference; lastKnownFileType = sourcecode.swift; path = AuthViewController.swift; sourceTree = "<group>"; };
		64E21BA32A1EC441009FE150 /* WebViewViewController.swift */ = {isa = PBXFileReference; lastKnownFileType = sourcecode.swift; path = WebViewViewController.swift; sourceTree = "<group>"; };
		64E21BA52A24A23C009FE150 /* OAuth2Service.swift */ = {isa = PBXFileReference; lastKnownFileType = sourcecode.swift; path = OAuth2Service.swift; sourceTree = "<group>"; };
		64E21BA72A24B37C009FE150 /* OAuth2TokenStorage.swift */ = {isa = PBXFileReference; lastKnownFileType = sourcecode.swift; path = OAuth2TokenStorage.swift; sourceTree = "<group>"; };
		64E21BA92A25460A009FE150 /* SplashViewController.swift */ = {isa = PBXFileReference; lastKnownFileType = sourcecode.swift; path = SplashViewController.swift; sourceTree = "<group>"; };
		64E21BAE2A27EDDE009FE150 /* UIBlockingProgressHUD.swift */ = {isa = PBXFileReference; lastKnownFileType = sourcecode.swift; path = UIBlockingProgressHUD.swift; sourceTree = "<group>"; };
		64FB9CCD2A28BC960009638A /* ProfileService.swift */ = {isa = PBXFileReference; lastKnownFileType = sourcecode.swift; path = ProfileService.swift; sourceTree = "<group>"; };
		64FB9CCF2A29FCA80009638A /* ProfileImageService.swift */ = {isa = PBXFileReference; lastKnownFileType = sourcecode.swift; path = ProfileImageService.swift; sourceTree = "<group>"; };
		64FB9CD12A2BEAC40009638A /* URLSessionExtension.swift */ = {isa = PBXFileReference; lastKnownFileType = sourcecode.swift; path = URLSessionExtension.swift; sourceTree = "<group>"; };
		64FB9CD32A2BFA880009638A /* AlertPresenter.swift */ = {isa = PBXFileReference; lastKnownFileType = sourcecode.swift; path = AlertPresenter.swift; sourceTree = "<group>"; };
		64FE0C062A37A1EB00A11B02 /* WebViewPresenter.swift */ = {isa = PBXFileReference; lastKnownFileType = sourcecode.swift; path = WebViewPresenter.swift; sourceTree = "<group>"; };
/* End PBXFileReference section */

/* Begin PBXFrameworksBuildPhase section */
		648750AD29C88C6900DCB64A /* Frameworks */ = {
			isa = PBXFrameworksBuildPhase;
			buildActionMask = 2147483647;
			files = (
				649D38C12A2E43F400DACE10 /* Kingfisher in Frameworks */,
				64E21BAD2A263428009FE150 /* ProgressHUD in Frameworks */,
				649D38C42A2F656900DACE10 /* SwiftKeychainWrapper in Frameworks */,
			);
			runOnlyForDeploymentPostprocessing = 0;
		};
		649D38CC2A33BCF400DACE10 /* Frameworks */ = {
			isa = PBXFrameworksBuildPhase;
			buildActionMask = 2147483647;
			files = (
			);
			runOnlyForDeploymentPostprocessing = 0;
		};
/* End PBXFrameworksBuildPhase section */

/* Begin PBXGroup section */
		6435A09B2A06D7A70046CC92 /* Profile */ = {
			isa = PBXGroup;
			children = (
				64FB9CCD2A28BC960009638A /* ProfileService.swift */,
				64FB9CCF2A29FCA80009638A /* ProfileImageService.swift */,
				6416925329E8AB8100225424 /* ProfileViewController.swift */,
			);
			path = Profile;
			sourceTree = "<group>";
		};
		643E51C029D1CF8000A44133 /* ImageFeed */ = {
			isa = PBXGroup;
			children = (
				643E51C529D1CF8000A44133 /* Main.storyboard */,
				649D38C52A2F7B7A00DACE10 /* TabBarController.swift */,
				64FB9CD12A2BEAC40009638A /* URLSessionExtension.swift */,
				64FB9CD32A2BFA880009638A /* AlertPresenter.swift */,
				64C30CE12A1EB98500D106AF /* Auth */,
				648750EC29D1C59800DCB64A /* ImagesList */,
				64CFA8C72A13A295004111F7 /* SingleImageView */,
				6435A09B2A06D7A70046CC92 /* Profile */,
				6491D11D29D1DC34006FF1C6 /* Resources */,
				648750E729D0EB8300DCB64A /* Helper */,
			);
			path = ImageFeed;
			sourceTree = SOURCE_ROOT;
		};
		648750A729C88C6900DCB64A = {
			isa = PBXGroup;
			children = (
				643E51C029D1CF8000A44133 /* ImageFeed */,
				648750B129C88C6900DCB64A /* Products */,
			);
			sourceTree = "<group>";
		};
		648750B129C88C6900DCB64A /* Products */ = {
			isa = PBXGroup;
			children = (
				648750B029C88C6900DCB64A /* ImageFeed.app */,
				649D38CF2A33BCF400DACE10 /* ImageFeedTests.xctest */,
			);
			name = Products;
			sourceTree = "<group>";
		};
		648750E729D0EB8300DCB64A /* Helper */ = {
			isa = PBXGroup;
			children = (
				648750E829D0EBB200DCB64A /* UIColor+Extensions.swift */,
			);
			path = Helper;
			sourceTree = "<group>";
		};
		648750EC29D1C59800DCB64A /* ImagesList */ = {
			isa = PBXGroup;
			children = (
				648750B729C88C6900DCB64A /* ImagesListViewController.swift */,
				648750EA29D1C55700DCB64A /* ImagesListCell.swift */,
				649D38C72A30DB8C00DACE10 /* ImagesListService.swift */,
			);
			path = ImagesList;
			sourceTree = "<group>";
		};
		6491D11D29D1DC34006FF1C6 /* Resources */ = {
			isa = PBXGroup;
			children = (
				6491D12129D1DFE1006FF1C6 /* SF-Pro-Display-Bold.otf */,
				6491D12229D1DFE1006FF1C6 /* SF-Pro-Display-Regular.otf */,
				6418472C29D1EC4100C5FCF2 /* Info.plist */,
				643E51C229D1CF8000A44133 /* Assets.xcassets */,
				643E51C329D1CF8000A44133 /* LaunchScreen.storyboard */,
				643E51C729D1CF8000A44133 /* AppDelegate.swift */,
				643E51C929D1CF8000A44133 /* SceneDelegate.swift */,
			);
			path = Resources;
			sourceTree = "<group>";
		};
		64C30CE12A1EB98500D106AF /* Auth */ = {
			isa = PBXGroup;
			children = (
				64C30CDD2A1CD82800D106AF /* Constants.swift */,
				64E21BA12A1EC3E0009FE150 /* AuthViewController.swift */,
				64E21BA92A25460A009FE150 /* SplashViewController.swift */,
				64E21BA72A24B37C009FE150 /* OAuth2TokenStorage.swift */,
				64E21BA52A24A23C009FE150 /* OAuth2Service.swift */,
				64E21BAE2A27EDDE009FE150 /* UIBlockingProgressHUD.swift */,
				64E21BA32A1EC441009FE150 /* WebViewViewController.swift */,
				64FE0C062A37A1EB00A11B02 /* WebViewPresenter.swift */,
			);
			path = Auth;
			sourceTree = "<group>";
		};
		64CFA8C72A13A295004111F7 /* SingleImageView */ = {
			isa = PBXGroup;
			children = (
				6450E7C02A139DAC00E5CD5F /* SingleImageViewController.swift */,
			);
			path = SingleImageView;
			sourceTree = "<group>";
		};
/* End PBXGroup section */

/* Begin PBXNativeTarget section */
		648750AF29C88C6900DCB64A /* ImageFeed */ = {
			isa = PBXNativeTarget;
			buildConfigurationList = 648750C429C88C6B00DCB64A /* Build configuration list for PBXNativeTarget "ImageFeed" */;
			buildPhases = (
				648750AC29C88C6900DCB64A /* Sources */,
				648750AD29C88C6900DCB64A /* Frameworks */,
				648750AE29C88C6900DCB64A /* Resources */,
			);
			buildRules = (
			);
			dependencies = (
			);
			name = ImageFeed;
			packageProductDependencies = (
				64E21BAC2A263428009FE150 /* ProgressHUD */,
				649D38C02A2E43F400DACE10 /* Kingfisher */,
				649D38C32A2F656900DACE10 /* SwiftKeychainWrapper */,
			);
			productName = ImageFeed;
			productReference = 648750B029C88C6900DCB64A /* ImageFeed.app */;
			productType = "com.apple.product-type.application";
		};
		649D38CE2A33BCF400DACE10 /* ImageFeedTests */ = {
			isa = PBXNativeTarget;
			buildConfigurationList = 649D38D72A33BCF400DACE10 /* Build configuration list for PBXNativeTarget "ImageFeedTests" */;
			buildPhases = (
				649D38CB2A33BCF400DACE10 /* Sources */,
				649D38CC2A33BCF400DACE10 /* Frameworks */,
				649D38CD2A33BCF400DACE10 /* Resources */,
			);
			buildRules = (
			);
			dependencies = (
				649D38D42A33BCF400DACE10 /* PBXTargetDependency */,
			);
			name = ImageFeedTests;
			productName = ImageFeedTests;
			productReference = 649D38CF2A33BCF400DACE10 /* ImageFeedTests.xctest */;
			productType = "com.apple.product-type.bundle.unit-test";
		};
/* End PBXNativeTarget section */

/* Begin PBXProject section */
		648750A829C88C6900DCB64A /* Project object */ = {
			isa = PBXProject;
			attributes = {
				BuildIndependentTargetsInParallel = 1;
				LastSwiftUpdateCheck = 1420;
				LastUpgradeCheck = 1420;
				TargetAttributes = {
					648750AF29C88C6900DCB64A = {
						CreatedOnToolsVersion = 14.2;
					};
					649D38CE2A33BCF400DACE10 = {
						CreatedOnToolsVersion = 14.2;
						TestTargetID = 648750AF29C88C6900DCB64A;
					};
				};
			};
			buildConfigurationList = 648750AB29C88C6900DCB64A /* Build configuration list for PBXProject "ImageFeed" */;
			compatibilityVersion = "Xcode 14.0";
			developmentRegion = en;
			hasScannedForEncodings = 0;
			knownRegions = (
				en,
				Base,
			);
			mainGroup = 648750A729C88C6900DCB64A;
			packageReferences = (
				64E21BAB2A263428009FE150 /* XCRemoteSwiftPackageReference "ProgressHUD" */,
				649D38BF2A2E43F400DACE10 /* XCRemoteSwiftPackageReference "Kingfisher" */,
				649D38C22A2F656900DACE10 /* XCRemoteSwiftPackageReference "SwiftKeychainWrapper" */,
			);
			productRefGroup = 648750B129C88C6900DCB64A /* Products */;
			projectDirPath = "";
			projectRoot = "";
			targets = (
				648750AF29C88C6900DCB64A /* ImageFeed */,
				649D38CE2A33BCF400DACE10 /* ImageFeedTests */,
			);
		};
/* End PBXProject section */

/* Begin PBXResourcesBuildPhase section */
		648750AE29C88C6900DCB64A /* Resources */ = {
			isa = PBXResourcesBuildPhase;
			buildActionMask = 2147483647;
			files = (
				6491D12329D1DFE1006FF1C6 /* SF-Pro-Display-Bold.otf in Resources */,
				643E51CD29D1CF8000A44133 /* Main.storyboard in Resources */,
				643E51CC29D1CF8000A44133 /* LaunchScreen.storyboard in Resources */,
				6491D12429D1DFE1006FF1C6 /* SF-Pro-Display-Regular.otf in Resources */,
				643E51CB29D1CF8000A44133 /* Assets.xcassets in Resources */,
			);
			runOnlyForDeploymentPostprocessing = 0;
		};
		649D38CD2A33BCF400DACE10 /* Resources */ = {
			isa = PBXResourcesBuildPhase;
			buildActionMask = 2147483647;
			files = (
			);
			runOnlyForDeploymentPostprocessing = 0;
		};
/* End PBXResourcesBuildPhase section */

/* Begin PBXSourcesBuildPhase section */
		648750AC29C88C6900DCB64A /* Sources */ = {
			isa = PBXSourcesBuildPhase;
			buildActionMask = 2147483647;
			files = (
				64E21BA82A24B37C009FE150 /* OAuth2TokenStorage.swift in Sources */,
				64E21BA42A1EC441009FE150 /* WebViewViewController.swift in Sources */,
				6416925429E8AB8100225424 /* ProfileViewController.swift in Sources */,
				64E21BA22A1EC3E0009FE150 /* AuthViewController.swift in Sources */,
				643E51CE29D1CF8000A44133 /* AppDelegate.swift in Sources */,
				649D38C82A30DB8C00DACE10 /* ImagesListService.swift in Sources */,
				64FB9CD42A2BFA880009638A /* AlertPresenter.swift in Sources */,
				64E21BA62A24A23C009FE150 /* OAuth2Service.swift in Sources */,
				64FB9CD22A2BEAC40009638A /* URLSessionExtension.swift in Sources */,
				64E21BAA2A25460A009FE150 /* SplashViewController.swift in Sources */,
				643E51D029D1CF8000A44133 /* SceneDelegate.swift in Sources */,
				649D38C62A2F7B7A00DACE10 /* TabBarController.swift in Sources */,
				6450E7C12A139DAC00E5CD5F /* SingleImageViewController.swift in Sources */,
				64FB9CD02A29FCA80009638A /* ProfileImageService.swift in Sources */,
				648750B829C88C6900DCB64A /* ImagesListViewController.swift in Sources */,
				648750EB29D1C55700DCB64A /* ImagesListCell.swift in Sources */,
				64FE0C072A37A1EB00A11B02 /* WebViewPresenter.swift in Sources */,
				648750E929D0EBB200DCB64A /* UIColor+Extensions.swift in Sources */,
				64C30CDE2A1CD82800D106AF /* Constants.swift in Sources */,
				64E21BAF2A27EDDE009FE150 /* UIBlockingProgressHUD.swift in Sources */,
				64FB9CCE2A28BC960009638A /* ProfileService.swift in Sources */,
			);
			runOnlyForDeploymentPostprocessing = 0;
		};
		649D38CB2A33BCF400DACE10 /* Sources */ = {
			isa = PBXSourcesBuildPhase;
			buildActionMask = 2147483647;
			files = (
			);
			runOnlyForDeploymentPostprocessing = 0;
		};
/* End PBXSourcesBuildPhase section */

/* Begin PBXTargetDependency section */
		649D38D42A33BCF400DACE10 /* PBXTargetDependency */ = {
			isa = PBXTargetDependency;
			target = 648750AF29C88C6900DCB64A /* ImageFeed */;
			targetProxy = 649D38D32A33BCF400DACE10 /* PBXContainerItemProxy */;
		};
/* End PBXTargetDependency section */

/* Begin PBXVariantGroup section */
		643E51C329D1CF8000A44133 /* LaunchScreen.storyboard */ = {
			isa = PBXVariantGroup;
			children = (
				643E51C429D1CF8000A44133 /* Base */,
			);
			name = LaunchScreen.storyboard;
			sourceTree = "<group>";
		};
		643E51C529D1CF8000A44133 /* Main.storyboard */ = {
			isa = PBXVariantGroup;
			children = (
				643E51C629D1CF8000A44133 /* Base */,
			);
			name = Main.storyboard;
			sourceTree = "<group>";
		};
/* End PBXVariantGroup section */

/* Begin XCBuildConfiguration section */
		648750C229C88C6B00DCB64A /* Debug */ = {
			isa = XCBuildConfiguration;
			buildSettings = {
				ALWAYS_SEARCH_USER_PATHS = NO;
				CLANG_ANALYZER_NONNULL = YES;
				CLANG_ANALYZER_NUMBER_OBJECT_CONVERSION = YES_AGGRESSIVE;
				CLANG_CXX_LANGUAGE_STANDARD = "gnu++20";
				CLANG_ENABLE_MODULES = YES;
				CLANG_ENABLE_OBJC_ARC = YES;
				CLANG_ENABLE_OBJC_WEAK = YES;
				CLANG_WARN_BLOCK_CAPTURE_AUTORELEASING = YES;
				CLANG_WARN_BOOL_CONVERSION = YES;
				CLANG_WARN_COMMA = YES;
				CLANG_WARN_CONSTANT_CONVERSION = YES;
				CLANG_WARN_DEPRECATED_OBJC_IMPLEMENTATIONS = YES;
				CLANG_WARN_DIRECT_OBJC_ISA_USAGE = YES_ERROR;
				CLANG_WARN_DOCUMENTATION_COMMENTS = YES;
				CLANG_WARN_EMPTY_BODY = YES;
				CLANG_WARN_ENUM_CONVERSION = YES;
				CLANG_WARN_INFINITE_RECURSION = YES;
				CLANG_WARN_INT_CONVERSION = YES;
				CLANG_WARN_NON_LITERAL_NULL_CONVERSION = YES;
				CLANG_WARN_OBJC_IMPLICIT_RETAIN_SELF = YES;
				CLANG_WARN_OBJC_LITERAL_CONVERSION = YES;
				CLANG_WARN_OBJC_ROOT_CLASS = YES_ERROR;
				CLANG_WARN_QUOTED_INCLUDE_IN_FRAMEWORK_HEADER = YES;
				CLANG_WARN_RANGE_LOOP_ANALYSIS = YES;
				CLANG_WARN_STRICT_PROTOTYPES = YES;
				CLANG_WARN_SUSPICIOUS_MOVE = YES;
				CLANG_WARN_UNGUARDED_AVAILABILITY = YES_AGGRESSIVE;
				CLANG_WARN_UNREACHABLE_CODE = YES;
				CLANG_WARN__DUPLICATE_METHOD_MATCH = YES;
				COPY_PHASE_STRIP = NO;
				DEBUG_INFORMATION_FORMAT = dwarf;
				ENABLE_STRICT_OBJC_MSGSEND = YES;
				ENABLE_TESTABILITY = YES;
				GCC_C_LANGUAGE_STANDARD = gnu11;
				GCC_DYNAMIC_NO_PIC = NO;
				GCC_NO_COMMON_BLOCKS = YES;
				GCC_OPTIMIZATION_LEVEL = 0;
				GCC_PREPROCESSOR_DEFINITIONS = (
					"DEBUG=1",
					"$(inherited)",
				);
				GCC_WARN_64_TO_32_BIT_CONVERSION = YES;
				GCC_WARN_ABOUT_RETURN_TYPE = YES_ERROR;
				GCC_WARN_UNDECLARED_SELECTOR = YES;
				GCC_WARN_UNINITIALIZED_AUTOS = YES_AGGRESSIVE;
				GCC_WARN_UNUSED_FUNCTION = YES;
				GCC_WARN_UNUSED_VARIABLE = YES;
				IPHONEOS_DEPLOYMENT_TARGET = 13.0;
				MTL_ENABLE_DEBUG_INFO = INCLUDE_SOURCE;
				MTL_FAST_MATH = YES;
				ONLY_ACTIVE_ARCH = YES;
				SDKROOT = iphoneos;
				SWIFT_ACTIVE_COMPILATION_CONDITIONS = DEBUG;
				SWIFT_OPTIMIZATION_LEVEL = "-Onone";
			};
			name = Debug;
		};
		648750C329C88C6B00DCB64A /* Release */ = {
			isa = XCBuildConfiguration;
			buildSettings = {
				ALWAYS_SEARCH_USER_PATHS = NO;
				CLANG_ANALYZER_NONNULL = YES;
				CLANG_ANALYZER_NUMBER_OBJECT_CONVERSION = YES_AGGRESSIVE;
				CLANG_CXX_LANGUAGE_STANDARD = "gnu++20";
				CLANG_ENABLE_MODULES = YES;
				CLANG_ENABLE_OBJC_ARC = YES;
				CLANG_ENABLE_OBJC_WEAK = YES;
				CLANG_WARN_BLOCK_CAPTURE_AUTORELEASING = YES;
				CLANG_WARN_BOOL_CONVERSION = YES;
				CLANG_WARN_COMMA = YES;
				CLANG_WARN_CONSTANT_CONVERSION = YES;
				CLANG_WARN_DEPRECATED_OBJC_IMPLEMENTATIONS = YES;
				CLANG_WARN_DIRECT_OBJC_ISA_USAGE = YES_ERROR;
				CLANG_WARN_DOCUMENTATION_COMMENTS = YES;
				CLANG_WARN_EMPTY_BODY = YES;
				CLANG_WARN_ENUM_CONVERSION = YES;
				CLANG_WARN_INFINITE_RECURSION = YES;
				CLANG_WARN_INT_CONVERSION = YES;
				CLANG_WARN_NON_LITERAL_NULL_CONVERSION = YES;
				CLANG_WARN_OBJC_IMPLICIT_RETAIN_SELF = YES;
				CLANG_WARN_OBJC_LITERAL_CONVERSION = YES;
				CLANG_WARN_OBJC_ROOT_CLASS = YES_ERROR;
				CLANG_WARN_QUOTED_INCLUDE_IN_FRAMEWORK_HEADER = YES;
				CLANG_WARN_RANGE_LOOP_ANALYSIS = YES;
				CLANG_WARN_STRICT_PROTOTYPES = YES;
				CLANG_WARN_SUSPICIOUS_MOVE = YES;
				CLANG_WARN_UNGUARDED_AVAILABILITY = YES_AGGRESSIVE;
				CLANG_WARN_UNREACHABLE_CODE = YES;
				CLANG_WARN__DUPLICATE_METHOD_MATCH = YES;
				COPY_PHASE_STRIP = NO;
				DEBUG_INFORMATION_FORMAT = "dwarf-with-dsym";
				ENABLE_NS_ASSERTIONS = NO;
				ENABLE_STRICT_OBJC_MSGSEND = YES;
				GCC_C_LANGUAGE_STANDARD = gnu11;
				GCC_NO_COMMON_BLOCKS = YES;
				GCC_WARN_64_TO_32_BIT_CONVERSION = YES;
				GCC_WARN_ABOUT_RETURN_TYPE = YES_ERROR;
				GCC_WARN_UNDECLARED_SELECTOR = YES;
				GCC_WARN_UNINITIALIZED_AUTOS = YES_AGGRESSIVE;
				GCC_WARN_UNUSED_FUNCTION = YES;
				GCC_WARN_UNUSED_VARIABLE = YES;
				IPHONEOS_DEPLOYMENT_TARGET = 13.0;
				MTL_ENABLE_DEBUG_INFO = NO;
				MTL_FAST_MATH = YES;
				SDKROOT = iphoneos;
				SWIFT_COMPILATION_MODE = wholemodule;
				SWIFT_OPTIMIZATION_LEVEL = "-O";
				VALIDATE_PRODUCT = YES;
			};
			name = Release;
		};
		648750C529C88C6B00DCB64A /* Debug */ = {
			isa = XCBuildConfiguration;
			buildSettings = {
				ASSETCATALOG_COMPILER_APPICON_NAME = AppIcon;
				ASSETCATALOG_COMPILER_GLOBAL_ACCENT_COLOR_NAME = AccentColor;
				CODE_SIGN_STYLE = Automatic;
				CURRENT_PROJECT_VERSION = 1;
				DEVELOPMENT_TEAM = DMFV8BKN4K;
				GENERATE_INFOPLIST_FILE = YES;
				INFOPLIST_FILE = ImageFeed/Resources/Info.plist;
				INFOPLIST_KEY_UIApplicationSupportsIndirectInputEvents = YES;
				INFOPLIST_KEY_UILaunchStoryboardName = LaunchScreen;
				INFOPLIST_KEY_UIMainStoryboardFile = Main;
				INFOPLIST_KEY_UISupportedInterfaceOrientations = UIInterfaceOrientationPortrait;
				INFOPLIST_KEY_UISupportedInterfaceOrientations_iPad = "UIInterfaceOrientationLandscapeLeft UIInterfaceOrientationLandscapeRight UIInterfaceOrientationPortrait UIInterfaceOrientationPortraitUpsideDown";
				IPHONEOS_DEPLOYMENT_TARGET = 13.0;
				LD_RUNPATH_SEARCH_PATHS = (
					"$(inherited)",
					"@executable_path/Frameworks",
				);
				MARKETING_VERSION = 1.0;
				PRODUCT_BUNDLE_IDENTIFIER = com.pitinovamargo.ImageFeed;
				PRODUCT_NAME = "$(TARGET_NAME)";
				SUPPORTED_PLATFORMS = "iphoneos iphonesimulator";
				SUPPORTS_MACCATALYST = NO;
				SUPPORTS_MAC_DESIGNED_FOR_IPHONE_IPAD = YES;
				SWIFT_EMIT_LOC_STRINGS = YES;
				SWIFT_VERSION = 5.0;
				TARGETED_DEVICE_FAMILY = 1;
			};
			name = Debug;
		};
		648750C629C88C6B00DCB64A /* Release */ = {
			isa = XCBuildConfiguration;
			buildSettings = {
				ASSETCATALOG_COMPILER_APPICON_NAME = AppIcon;
				ASSETCATALOG_COMPILER_GLOBAL_ACCENT_COLOR_NAME = AccentColor;
				CODE_SIGN_STYLE = Automatic;
				CURRENT_PROJECT_VERSION = 1;
				DEVELOPMENT_TEAM = DMFV8BKN4K;
				GENERATE_INFOPLIST_FILE = YES;
				INFOPLIST_FILE = ImageFeed/Resources/Info.plist;
				INFOPLIST_KEY_UIApplicationSupportsIndirectInputEvents = YES;
				INFOPLIST_KEY_UILaunchStoryboardName = LaunchScreen;
				INFOPLIST_KEY_UIMainStoryboardFile = Main;
				INFOPLIST_KEY_UISupportedInterfaceOrientations = UIInterfaceOrientationPortrait;
				INFOPLIST_KEY_UISupportedInterfaceOrientations_iPad = "UIInterfaceOrientationLandscapeLeft UIInterfaceOrientationLandscapeRight UIInterfaceOrientationPortrait UIInterfaceOrientationPortraitUpsideDown";
				IPHONEOS_DEPLOYMENT_TARGET = 13.0;
				LD_RUNPATH_SEARCH_PATHS = (
					"$(inherited)",
					"@executable_path/Frameworks",
				);
				MARKETING_VERSION = 1.0;
				PRODUCT_BUNDLE_IDENTIFIER = com.pitinovamargo.ImageFeed;
				PRODUCT_NAME = "$(TARGET_NAME)";
				SUPPORTED_PLATFORMS = "iphoneos iphonesimulator";
				SUPPORTS_MACCATALYST = NO;
				SUPPORTS_MAC_DESIGNED_FOR_IPHONE_IPAD = YES;
				SWIFT_EMIT_LOC_STRINGS = YES;
				SWIFT_VERSION = 5.0;
				TARGETED_DEVICE_FAMILY = 1;
			};
			name = Release;
		};
		649D38D52A33BCF400DACE10 /* Debug */ = {
			isa = XCBuildConfiguration;
			buildSettings = {
				BUNDLE_LOADER = "$(TEST_HOST)";
				CODE_SIGN_STYLE = Automatic;
				CURRENT_PROJECT_VERSION = 1;
				DEVELOPMENT_TEAM = DMFV8BKN4K;
				GENERATE_INFOPLIST_FILE = YES;
				IPHONEOS_DEPLOYMENT_TARGET = 16.2;
				MARKETING_VERSION = 1.0;
				PRODUCT_BUNDLE_IDENTIFIER = com.pitinovamargo.ImageFeedTests;
				PRODUCT_NAME = "$(TARGET_NAME)";
				SWIFT_EMIT_LOC_STRINGS = NO;
				SWIFT_VERSION = 5.0;
				TARGETED_DEVICE_FAMILY = "1,2";
				TEST_HOST = "$(BUILT_PRODUCTS_DIR)/ImageFeed.app/$(BUNDLE_EXECUTABLE_FOLDER_PATH)/ImageFeed";
			};
			name = Debug;
		};
		649D38D62A33BCF400DACE10 /* Release */ = {
			isa = XCBuildConfiguration;
			buildSettings = {
				BUNDLE_LOADER = "$(TEST_HOST)";
				CODE_SIGN_STYLE = Automatic;
				CURRENT_PROJECT_VERSION = 1;
				DEVELOPMENT_TEAM = DMFV8BKN4K;
				GENERATE_INFOPLIST_FILE = YES;
				IPHONEOS_DEPLOYMENT_TARGET = 16.2;
				MARKETING_VERSION = 1.0;
				PRODUCT_BUNDLE_IDENTIFIER = com.pitinovamargo.ImageFeedTests;
				PRODUCT_NAME = "$(TARGET_NAME)";
				SWIFT_EMIT_LOC_STRINGS = NO;
				SWIFT_VERSION = 5.0;
				TARGETED_DEVICE_FAMILY = "1,2";
				TEST_HOST = "$(BUILT_PRODUCTS_DIR)/ImageFeed.app/$(BUNDLE_EXECUTABLE_FOLDER_PATH)/ImageFeed";
			};
			name = Release;
		};
/* End XCBuildConfiguration section */

/* Begin XCConfigurationList section */
		648750AB29C88C6900DCB64A /* Build configuration list for PBXProject "ImageFeed" */ = {
			isa = XCConfigurationList;
			buildConfigurations = (
				648750C229C88C6B00DCB64A /* Debug */,
				648750C329C88C6B00DCB64A /* Release */,
			);
			defaultConfigurationIsVisible = 0;
			defaultConfigurationName = Release;
		};
		648750C429C88C6B00DCB64A /* Build configuration list for PBXNativeTarget "ImageFeed" */ = {
			isa = XCConfigurationList;
			buildConfigurations = (
				648750C529C88C6B00DCB64A /* Debug */,
				648750C629C88C6B00DCB64A /* Release */,
			);
			defaultConfigurationIsVisible = 0;
			defaultConfigurationName = Release;
		};
		649D38D72A33BCF400DACE10 /* Build configuration list for PBXNativeTarget "ImageFeedTests" */ = {
			isa = XCConfigurationList;
			buildConfigurations = (
				649D38D52A33BCF400DACE10 /* Debug */,
				649D38D62A33BCF400DACE10 /* Release */,
			);
			defaultConfigurationIsVisible = 0;
			defaultConfigurationName = Release;
		};
/* End XCConfigurationList section */

/* Begin XCRemoteSwiftPackageReference section */
		649D38BF2A2E43F400DACE10 /* XCRemoteSwiftPackageReference "Kingfisher" */ = {
			isa = XCRemoteSwiftPackageReference;
			repositoryURL = "https://github.com/onevcat/Kingfisher";
			requirement = {
				kind = upToNextMajorVersion;
				minimumVersion = 7.0.0;
			};
		};
		649D38C22A2F656900DACE10 /* XCRemoteSwiftPackageReference "SwiftKeychainWrapper" */ = {
			isa = XCRemoteSwiftPackageReference;
			repositoryURL = "https://github.com/jrendel/SwiftKeychainWrapper";
			requirement = {
				kind = upToNextMajorVersion;
				minimumVersion = 4.0.0;
			};
		};
		64E21BAB2A263428009FE150 /* XCRemoteSwiftPackageReference "ProgressHUD" */ = {
			isa = XCRemoteSwiftPackageReference;
			repositoryURL = "https://github.com/relatedcode/ProgressHUD";
			requirement = {
				kind = exactVersion;
				version = 13.6.2;
			};
		};
/* End XCRemoteSwiftPackageReference section */

/* Begin XCSwiftPackageProductDependency section */
		649D38C02A2E43F400DACE10 /* Kingfisher */ = {
			isa = XCSwiftPackageProductDependency;
			package = 649D38BF2A2E43F400DACE10 /* XCRemoteSwiftPackageReference "Kingfisher" */;
			productName = Kingfisher;
		};
		649D38C32A2F656900DACE10 /* SwiftKeychainWrapper */ = {
			isa = XCSwiftPackageProductDependency;
			package = 649D38C22A2F656900DACE10 /* XCRemoteSwiftPackageReference "SwiftKeychainWrapper" */;
			productName = SwiftKeychainWrapper;
		};
		64E21BAC2A263428009FE150 /* ProgressHUD */ = {
			isa = XCSwiftPackageProductDependency;
			package = 64E21BAB2A263428009FE150 /* XCRemoteSwiftPackageReference "ProgressHUD" */;
			productName = ProgressHUD;
		};
/* End XCSwiftPackageProductDependency section */
	};
	rootObject = 648750A829C88C6900DCB64A /* Project object */;
}
